
Microsoft Visual Studio Solution File, Format Version 12.00
# Visual Studio 15
VisualStudioVersion = 15.0.27130.2003
MinimumVisualStudioVersion = 10.0.40219.1
Project("{FAE04EC0-301F-11D3-BF4B-00C04F79EFBC}") = "timenone", "timenone\timenone.csproj", "{73D5FAA2-FE20-4F94-B4DB-A4E81A04444E}"
EndProject
Project("{54435603-DBB4-11D2-8724-00A0C9A8B90C}") = "TimeNoneInstaller", "TimeNoneInstaller\TimeNoneInstaller.vdproj", "{A085A80E-C243-4D50-BF15-981F8F37AE03}"
EndProject
Global
	GlobalSection(SolutionConfigurationPlatforms) = preSolution
		Debug|Any CPU = Debug|Any CPU
		Release|Any CPU = Release|Any CPU
	EndGlobalSection
	GlobalSection(ProjectConfigurationPlatforms) = postSolution
		{73D5FAA2-FE20-4F94-B4DB-A4E81A04444E}.Debug|Any CPU.ActiveCfg = Debug|Any CPU
		{73D5FAA2-FE20-4F94-B4DB-A4E81A04444E}.Debug|Any CPU.Build.0 = Debug|Any CPU
		{73D5FAA2-FE20-4F94-B4DB-A4E81A04444E}.Release|Any CPU.ActiveCfg = Release|Any CPU
		{73D5FAA2-FE20-4F94-B4DB-A4E81A04444E}.Release|Any CPU.Build.0 = Release|Any CPU
		{A085A80E-C243-4D50-BF15-981F8F37AE03}.Debug|Any CPU.ActiveCfg = Debug
		{A085A80E-C243-4D50-BF15-981F8F37AE03}.Release|Any CPU.ActiveCfg = Release
	EndGlobalSection
	GlobalSection(SolutionProperties) = preSolution
		HideSolutionNode = FALSE
	EndGlobalSection
	GlobalSection(ExtensibilityGlobals) = postSolution
		SolutionGuid = {A09D679B-18EE-4795-86D1-ED2FF54833E3}
	EndGlobalSection
EndGlobal
